// !$*UTF8*$!
{
	archiveVersion = 1;
	classes = {
	};
	objectVersion = 46;
	objects = {

/* Begin PBXBuildFile section */
		B80A0C4215FC403200041321 /* AudioToolbox.framework in Frameworks */ = {isa = PBXBuildFile; fileRef = B80A0C4115FC403200041321 /* AudioToolbox.framework */; };
		B853681B15FC5DA000D8644D /* CircleSelectView.m in Sources */ = {isa = PBXBuildFile; fileRef = B853681A15FC5DA000D8644D /* CircleSelectView.m */; };
		B853681F15FC85F700D8644D /* BarSelectView.m in Sources */ = {isa = PBXBuildFile; fileRef = B853681E15FC85F700D8644D /* BarSelectView.m */; };
		B8AE554215FC019B002D97CB /* UIKit.framework in Frameworks */ = {isa = PBXBuildFile; fileRef = B8AE554115FC019B002D97CB /* UIKit.framework */; };
		B8AE554415FC019B002D97CB /* Foundation.framework in Frameworks */ = {isa = PBXBuildFile; fileRef = B8AE554315FC019B002D97CB /* Foundation.framework */; };
		B8AE554615FC019B002D97CB /* CoreGraphics.framework in Frameworks */ = {isa = PBXBuildFile; fileRef = B8AE554515FC019B002D97CB /* CoreGraphics.framework */; };
		B8AE554C15FC019B002D97CB /* InfoPlist.strings in Resources */ = {isa = PBXBuildFile; fileRef = B8AE554A15FC019B002D97CB /* InfoPlist.strings */; };
		B8AE554E15FC019B002D97CB /* main.m in Sources */ = {isa = PBXBuildFile; fileRef = B8AE554D15FC019B002D97CB /* main.m */; };
		B8AE555215FC019B002D97CB /* AppDelegate.m in Sources */ = {isa = PBXBuildFile; fileRef = B8AE555115FC019B002D97CB /* AppDelegate.m */; };
		B8AE555515FC019B002D97CB /* MainStoryboard_iPhone.storyboard in Resources */ = {isa = PBXBuildFile; fileRef = B8AE555315FC019B002D97CB /* MainStoryboard_iPhone.storyboard */; };
		B8AE555815FC019B002D97CB /* MainStoryboard_iPad.storyboard in Resources */ = {isa = PBXBuildFile; fileRef = B8AE555615FC019B002D97CB /* MainStoryboard_iPad.storyboard */; };
		B8AE555B15FC019B002D97CB /* SineStepViewController.m in Sources */ = {isa = PBXBuildFile; fileRef = B8AE555A15FC019B002D97CB /* SineStepViewController.m */; };
		B8AE556315FC019C002D97CB /* SenTestingKit.framework in Frameworks */ = {isa = PBXBuildFile; fileRef = B8AE556215FC019C002D97CB /* SenTestingKit.framework */; };
		B8AE556415FC019C002D97CB /* UIKit.framework in Frameworks */ = {isa = PBXBuildFile; fileRef = B8AE554115FC019B002D97CB /* UIKit.framework */; };
		B8AE556515FC019C002D97CB /* Foundation.framework in Frameworks */ = {isa = PBXBuildFile; fileRef = B8AE554315FC019B002D97CB /* Foundation.framework */; };
		B8AE556D15FC019C002D97CB /* InfoPlist.strings in Resources */ = {isa = PBXBuildFile; fileRef = B8AE556B15FC019C002D97CB /* InfoPlist.strings */; };
		B8AE557015FC019C002D97CB /* StepSynthTests.m in Sources */ = {isa = PBXBuildFile; fileRef = B8AE556F15FC019C002D97CB /* StepSynthTests.m */; };
		B8AE558315FC056F002D97CB /* SineStepView.m in Sources */ = {isa = PBXBuildFile; fileRef = B8AE558215FC056F002D97CB /* SineStepView.m */; };
		B8AE558B15FC1176002D97CB /* SineStepBoxView.m in Sources */ = {isa = PBXBuildFile; fileRef = B8AE558A15FC1176002D97CB /* SineStepBoxView.m */; };
		B8AE558D15FC11D2002D97CB /* QuartzCore.framework in Frameworks */ = {isa = PBXBuildFile; fileRef = B8AE558C15FC11D2002D97CB /* QuartzCore.framework */; };
/* End PBXBuildFile section */

/* Begin PBXContainerItemProxy section */
		B8AE556615FC019C002D97CB /* PBXContainerItemProxy */ = {
			isa = PBXContainerItemProxy;
			containerPortal = B8AE553415FC019B002D97CB /* Project object */;
			proxyType = 1;
			remoteGlobalIDString = B8AE553C15FC019B002D97CB;
			remoteInfo = StepSynth;
		};
/* End PBXContainerItemProxy section */

/* Begin PBXFileReference section */
		B80A0C3F15FC400F00041321 /* CoreAudio.framework */ = {isa = PBXFileReference; lastKnownFileType = wrapper.framework; name = CoreAudio.framework; path = System/Library/Frameworks/CoreAudio.framework; sourceTree = SDKROOT; };
		B80A0C4115FC403200041321 /* AudioToolbox.framework */ = {isa = PBXFileReference; lastKnownFileType = wrapper.framework; name = AudioToolbox.framework; path = System/Library/Frameworks/AudioToolbox.framework; sourceTree = SDKROOT; };
		B853681915FC5DA000D8644D /* CircleSelectView.h */ = {isa = PBXFileReference; fileEncoding = 4; lastKnownFileType = sourcecode.c.h; path = CircleSelectView.h; sourceTree = "<group>"; };
		B853681A15FC5DA000D8644D /* CircleSelectView.m */ = {isa = PBXFileReference; fileEncoding = 4; lastKnownFileType = sourcecode.c.objc; path = CircleSelectView.m; sourceTree = "<group>"; };
		B853681D15FC85F700D8644D /* BarSelectView.h */ = {isa = PBXFileReference; fileEncoding = 4; lastKnownFileType = sourcecode.c.h; path = BarSelectView.h; sourceTree = "<group>"; };
		B853681E15FC85F700D8644D /* BarSelectView.m */ = {isa = PBXFileReference; fileEncoding = 4; lastKnownFileType = sourcecode.c.objc; path = BarSelectView.m; sourceTree = "<group>"; };
		B8AE553D15FC019B002D97CB /* StepSynth.app */ = {isa = PBXFileReference; explicitFileType = wrapper.application; includeInIndex = 0; path = StepSynth.app; sourceTree = BUILT_PRODUCTS_DIR; };
		B8AE554115FC019B002D97CB /* UIKit.framework */ = {isa = PBXFileReference; lastKnownFileType = wrapper.framework; name = UIKit.framework; path = System/Library/Frameworks/UIKit.framework; sourceTree = SDKROOT; };
		B8AE554315FC019B002D97CB /* Foundation.framework */ = {isa = PBXFileReference; lastKnownFileType = wrapper.framework; name = Foundation.framework; path = System/Library/Frameworks/Foundation.framework; sourceTree = SDKROOT; };
		B8AE554515FC019B002D97CB /* CoreGraphics.framework */ = {isa = PBXFileReference; lastKnownFileType = wrapper.framework; name = CoreGraphics.framework; path = System/Library/Frameworks/CoreGraphics.framework; sourceTree = SDKROOT; };
		B8AE554915FC019B002D97CB /* StepSynth-Info.plist */ = {isa = PBXFileReference; lastKnownFileType = text.plist.xml; path = "StepSynth-Info.plist"; sourceTree = "<group>"; };
		B8AE554B15FC019B002D97CB /* en */ = {isa = PBXFileReference; lastKnownFileType = text.plist.strings; name = en; path = en.lproj/InfoPlist.strings; sourceTree = "<group>"; };
		B8AE554D15FC019B002D97CB /* main.m */ = {isa = PBXFileReference; lastKnownFileType = sourcecode.c.objc; path = main.m; sourceTree = "<group>"; };
		B8AE554F15FC019B002D97CB /* StepSynth-Prefix.pch */ = {isa = PBXFileReference; lastKnownFileType = sourcecode.c.h; path = "StepSynth-Prefix.pch"; sourceTree = "<group>"; };
		B8AE555015FC019B002D97CB /* AppDelegate.h */ = {isa = PBXFileReference; lastKnownFileType = sourcecode.c.h; path = AppDelegate.h; sourceTree = "<group>"; };
		B8AE555115FC019B002D97CB /* AppDelegate.m */ = {isa = PBXFileReference; lastKnownFileType = sourcecode.c.objc; path = AppDelegate.m; sourceTree = "<group>"; };
		B8AE555415FC019B002D97CB /* en */ = {isa = PBXFileReference; lastKnownFileType = file.storyboard; name = en; path = en.lproj/MainStoryboard_iPhone.storyboard; sourceTree = "<group>"; };
		B8AE555715FC019B002D97CB /* en */ = {isa = PBXFileReference; lastKnownFileType = file.storyboard; name = en; path = en.lproj/MainStoryboard_iPad.storyboard; sourceTree = "<group>"; };
		B8AE555915FC019B002D97CB /* SineStepViewController.h */ = {isa = PBXFileReference; lastKnownFileType = sourcecode.c.h; path = SineStepViewController.h; sourceTree = "<group>"; };
		B8AE555A15FC019B002D97CB /* SineStepViewController.m */ = {isa = PBXFileReference; lastKnownFileType = sourcecode.c.objc; path = SineStepViewController.m; sourceTree = "<group>"; };
		B8AE556115FC019C002D97CB /* StepSynthTests.octest */ = {isa = PBXFileReference; explicitFileType = wrapper.cfbundle; includeInIndex = 0; path = StepSynthTests.octest; sourceTree = BUILT_PRODUCTS_DIR; };
		B8AE556215FC019C002D97CB /* SenTestingKit.framework */ = {isa = PBXFileReference; lastKnownFileType = wrapper.framework; name = SenTestingKit.framework; path = Library/Frameworks/SenTestingKit.framework; sourceTree = DEVELOPER_DIR; };
		B8AE556A15FC019C002D97CB /* StepSynthTests-Info.plist */ = {isa = PBXFileReference; lastKnownFileType = text.plist.xml; path = "StepSynthTests-Info.plist"; sourceTree = "<group>"; };
		B8AE556C15FC019C002D97CB /* en */ = {isa = PBXFileReference; lastKnownFileType = text.plist.strings; name = en; path = en.lproj/InfoPlist.strings; sourceTree = "<group>"; };
		B8AE556E15FC019C002D97CB /* StepSynthTests.h */ = {isa = PBXFileReference; lastKnownFileType = sourcecode.c.h; path = StepSynthTests.h; sourceTree = "<group>"; };
		B8AE556F15FC019C002D97CB /* StepSynthTests.m */ = {isa = PBXFileReference; lastKnownFileType = sourcecode.c.objc; path = StepSynthTests.m; sourceTree = "<group>"; };
		B8AE558115FC056F002D97CB /* SineStepView.h */ = {isa = PBXFileReference; fileEncoding = 4; lastKnownFileType = sourcecode.c.h; path = SineStepView.h; sourceTree = "<group>"; };
		B8AE558215FC056F002D97CB /* SineStepView.m */ = {isa = PBXFileReference; fileEncoding = 4; lastKnownFileType = sourcecode.c.objc; path = SineStepView.m; sourceTree = "<group>"; };
		B8AE558915FC1176002D97CB /* SineStepBoxView.h */ = {isa = PBXFileReference; fileEncoding = 4; lastKnownFileType = sourcecode.c.h; path = SineStepBoxView.h; sourceTree = "<group>"; };
		B8AE558A15FC1176002D97CB /* SineStepBoxView.m */ = {isa = PBXFileReference; fileEncoding = 4; lastKnownFileType = sourcecode.c.objc; path = SineStepBoxView.m; sourceTree = "<group>"; };
		B8AE558C15FC11D2002D97CB /* QuartzCore.framework */ = {isa = PBXFileReference; lastKnownFileType = wrapper.framework; name = QuartzCore.framework; path = System/Library/Frameworks/QuartzCore.framework; sourceTree = SDKROOT; };
/* End PBXFileReference section */

/* Begin PBXFrameworksBuildPhase section */
		B8AE553A15FC019B002D97CB /* Frameworks */ = {
			isa = PBXFrameworksBuildPhase;
			buildActionMask = 2147483647;
			files = (
				B80A0C4215FC403200041321 /* AudioToolbox.framework in Frameworks */,
				B8AE558D15FC11D2002D97CB /* QuartzCore.framework in Frameworks */,
				B8AE554215FC019B002D97CB /* UIKit.framework in Frameworks */,
				B8AE554415FC019B002D97CB /* Foundation.framework in Frameworks */,
				B8AE554615FC019B002D97CB /* CoreGraphics.framework in Frameworks */,
			);
			runOnlyForDeploymentPostprocessing = 0;
		};
		B8AE555D15FC019C002D97CB /* Frameworks */ = {
			isa = PBXFrameworksBuildPhase;
			buildActionMask = 2147483647;
			files = (
				B8AE556315FC019C002D97CB /* SenTestingKit.framework in Frameworks */,
				B8AE556415FC019C002D97CB /* UIKit.framework in Frameworks */,
				B8AE556515FC019C002D97CB /* Foundation.framework in Frameworks */,
			);
			runOnlyForDeploymentPostprocessing = 0;
		};
/* End PBXFrameworksBuildPhase section */

/* Begin PBXGroup section */
		B8AE553215FC019B002D97CB = {
			isa = PBXGroup;
			children = (
				B80A0C4115FC403200041321 /* AudioToolbox.framework */,
				B80A0C3F15FC400F00041321 /* CoreAudio.framework */,
				B8AE558C15FC11D2002D97CB /* QuartzCore.framework */,
				B8AE554715FC019B002D97CB /* StepSynth */,
				B8AE556815FC019C002D97CB /* StepSynthTests */,
				B8AE554015FC019B002D97CB /* Frameworks */,
				B8AE553E15FC019B002D97CB /* Products */,
			);
			sourceTree = "<group>";
		};
		B8AE553E15FC019B002D97CB /* Products */ = {
			isa = PBXGroup;
			children = (
				B8AE553D15FC019B002D97CB /* StepSynth.app */,
				B8AE556115FC019C002D97CB /* StepSynthTests.octest */,
			);
			name = Products;
			sourceTree = "<group>";
		};
		B8AE554015FC019B002D97CB /* Frameworks */ = {
			isa = PBXGroup;
			children = (
				B8AE554115FC019B002D97CB /* UIKit.framework */,
				B8AE554315FC019B002D97CB /* Foundation.framework */,
				B8AE554515FC019B002D97CB /* CoreGraphics.framework */,
				B8AE556215FC019C002D97CB /* SenTestingKit.framework */,
			);
			name = Frameworks;
			sourceTree = "<group>";
		};
		B8AE554715FC019B002D97CB /* StepSynth */ = {
			isa = PBXGroup;
			children = (
				B8AE555015FC019B002D97CB /* AppDelegate.h */,
				B8AE555115FC019B002D97CB /* AppDelegate.m */,
				B8AE555315FC019B002D97CB /* MainStoryboard_iPhone.storyboard */,
				B8AE555615FC019B002D97CB /* MainStoryboard_iPad.storyboard */,
				B8AE555915FC019B002D97CB /* SineStepViewController.h */,
				B8AE555A15FC019B002D97CB /* SineStepViewController.m */,
				B8AE558115FC056F002D97CB /* SineStepView.h */,
				B8AE558215FC056F002D97CB /* SineStepView.m */,
				B8AE554815FC019B002D97CB /* Supporting Files */,
				B8AE558915FC1176002D97CB /* SineStepBoxView.h */,
				B8AE558A15FC1176002D97CB /* SineStepBoxView.m */,
				B853681915FC5DA000D8644D /* CircleSelectView.h */,
				B853681A15FC5DA000D8644D /* CircleSelectView.m */,
				B853681D15FC85F700D8644D /* BarSelectView.h */,
				B853681E15FC85F700D8644D /* BarSelectView.m */,
			);
			path = StepSynth;
			sourceTree = "<group>";
		};
		B8AE554815FC019B002D97CB /* Supporting Files */ = {
			isa = PBXGroup;
			children = (
				B8AE554915FC019B002D97CB /* StepSynth-Info.plist */,
				B8AE554A15FC019B002D97CB /* InfoPlist.strings */,
				B8AE554D15FC019B002D97CB /* main.m */,
				B8AE554F15FC019B002D97CB /* StepSynth-Prefix.pch */,
			);
			name = "Supporting Files";
			sourceTree = "<group>";
		};
		B8AE556815FC019C002D97CB /* StepSynthTests */ = {
			isa = PBXGroup;
			children = (
				B8AE556E15FC019C002D97CB /* StepSynthTests.h */,
				B8AE556F15FC019C002D97CB /* StepSynthTests.m */,
				B8AE556915FC019C002D97CB /* Supporting Files */,
			);
			path = StepSynthTests;
			sourceTree = "<group>";
		};
		B8AE556915FC019C002D97CB /* Supporting Files */ = {
			isa = PBXGroup;
			children = (
				B8AE556A15FC019C002D97CB /* StepSynthTests-Info.plist */,
				B8AE556B15FC019C002D97CB /* InfoPlist.strings */,
			);
			name = "Supporting Files";
			sourceTree = "<group>";
		};
/* End PBXGroup section */

/* Begin PBXNativeTarget section */
		B8AE553C15FC019B002D97CB /* StepSynth */ = {
			isa = PBXNativeTarget;
			buildConfigurationList = B8AE557315FC019C002D97CB /* Build configuration list for PBXNativeTarget "StepSynth" */;
			buildPhases = (
				B8AE553915FC019B002D97CB /* Sources */,
				B8AE553A15FC019B002D97CB /* Frameworks */,
				B8AE553B15FC019B002D97CB /* Resources */,
			);
			buildRules = (
			);
			dependencies = (
			);
			name = StepSynth;
			productName = StepSynth;
			productReference = B8AE553D15FC019B002D97CB /* StepSynth.app */;
			productType = "com.apple.product-type.application";
		};
		B8AE556015FC019C002D97CB /* StepSynthTests */ = {
			isa = PBXNativeTarget;
			buildConfigurationList = B8AE557615FC019C002D97CB /* Build configuration list for PBXNativeTarget "StepSynthTests" */;
			buildPhases = (
				B8AE555C15FC019C002D97CB /* Sources */,
				B8AE555D15FC019C002D97CB /* Frameworks */,
				B8AE555E15FC019C002D97CB /* Resources */,
				B8AE555F15FC019C002D97CB /* ShellScript */,
			);
			buildRules = (
			);
			dependencies = (
				B8AE556715FC019C002D97CB /* PBXTargetDependency */,
			);
			name = StepSynthTests;
			productName = StepSynthTests;
			productReference = B8AE556115FC019C002D97CB /* StepSynthTests.octest */;
			productType = "com.apple.product-type.bundle";
		};
/* End PBXNativeTarget section */

/* Begin PBXProject section */
		B8AE553415FC019B002D97CB /* Project object */ = {
			isa = PBXProject;
			attributes = {
				LastUpgradeCheck = 0430;
			};
			buildConfigurationList = B8AE553715FC019B002D97CB /* Build configuration list for PBXProject "StepSynth" */;
			compatibilityVersion = "Xcode 3.2";
			developmentRegion = English;
			hasScannedForEncodings = 0;
			knownRegions = (
				en,
			);
			mainGroup = B8AE553215FC019B002D97CB;
			productRefGroup = B8AE553E15FC019B002D97CB /* Products */;
			projectDirPath = "";
			projectRoot = "";
			targets = (
				B8AE553C15FC019B002D97CB /* StepSynth */,
				B8AE556015FC019C002D97CB /* StepSynthTests */,
			);
		};
/* End PBXProject section */

/* Begin PBXResourcesBuildPhase section */
		B8AE553B15FC019B002D97CB /* Resources */ = {
			isa = PBXResourcesBuildPhase;
			buildActionMask = 2147483647;
			files = (
				B8AE554C15FC019B002D97CB /* InfoPlist.strings in Resources */,
				B8AE555515FC019B002D97CB /* MainStoryboard_iPhone.storyboard in Resources */,
				B8AE555815FC019B002D97CB /* MainStoryboard_iPad.storyboard in Resources */,
			);
			runOnlyForDeploymentPostprocessing = 0;
		};
		B8AE555E15FC019C002D97CB /* Resources */ = {
			isa = PBXResourcesBuildPhase;
			buildActionMask = 2147483647;
			files = (
				B8AE556D15FC019C002D97CB /* InfoPlist.strings in Resources */,
			);
			runOnlyForDeploymentPostprocessing = 0;
		};
/* End PBXResourcesBuildPhase section */

/* Begin PBXShellScriptBuildPhase section */
		B8AE555F15FC019C002D97CB /* ShellScript */ = {
			isa = PBXShellScriptBuildPhase;
			buildActionMask = 2147483647;
			files = (
			);
			inputPaths = (
			);
			outputPaths = (
			);
			runOnlyForDeploymentPostprocessing = 0;
			shellPath = /bin/sh;
			shellScript = "# Run the unit tests in this test bundle.\n\"${SYSTEM_DEVELOPER_DIR}/Tools/RunUnitTests\"\n";
		};
/* End PBXShellScriptBuildPhase section */

/* Begin PBXSourcesBuildPhase section */
		B8AE553915FC019B002D97CB /* Sources */ = {
			isa = PBXSourcesBuildPhase;
			buildActionMask = 2147483647;
			files = (
				B8AE554E15FC019B002D97CB /* main.m in Sources */,
				B8AE555215FC019B002D97CB /* AppDelegate.m in Sources */,
				B8AE555B15FC019B002D97CB /* SineStepViewController.m in Sources */,
				B8AE558315FC056F002D97CB /* SineStepView.m in Sources */,
				B8AE558B15FC1176002D97CB /* SineStepBoxView.m in Sources */,
				B853681B15FC5DA000D8644D /* CircleSelectView.m in Sources */,
				B853681F15FC85F700D8644D /* BarSelectView.m in Sources */,
			);
			runOnlyForDeploymentPostprocessing = 0;
		};
		B8AE555C15FC019C002D97CB /* Sources */ = {
			isa = PBXSourcesBuildPhase;
			buildActionMask = 2147483647;
			files = (
				B8AE557015FC019C002D97CB /* StepSynthTests.m in Sources */,
			);
			runOnlyForDeploymentPostprocessing = 0;
		};
/* End PBXSourcesBuildPhase section */

/* Begin PBXTargetDependency section */
		B8AE556715FC019C002D97CB /* PBXTargetDependency */ = {
			isa = PBXTargetDependency;
			target = B8AE553C15FC019B002D97CB /* StepSynth */;
			targetProxy = B8AE556615FC019C002D97CB /* PBXContainerItemProxy */;
		};
/* End PBXTargetDependency section */

/* Begin PBXVariantGroup section */
		B8AE554A15FC019B002D97CB /* InfoPlist.strings */ = {
			isa = PBXVariantGroup;
			children = (
				B8AE554B15FC019B002D97CB /* en */,
			);
			name = InfoPlist.strings;
			sourceTree = "<group>";
		};
		B8AE555315FC019B002D97CB /* MainStoryboard_iPhone.storyboard */ = {
			isa = PBXVariantGroup;
			children = (
				B8AE555415FC019B002D97CB /* en */,
			);
			name = MainStoryboard_iPhone.storyboard;
			sourceTree = "<group>";
		};
		B8AE555615FC019B002D97CB /* MainStoryboard_iPad.storyboard */ = {
			isa = PBXVariantGroup;
			children = (
				B8AE555715FC019B002D97CB /* en */,
			);
			name = MainStoryboard_iPad.storyboard;
			sourceTree = "<group>";
		};
		B8AE556B15FC019C002D97CB /* InfoPlist.strings */ = {
			isa = PBXVariantGroup;
			children = (
				B8AE556C15FC019C002D97CB /* en */,
			);
			name = InfoPlist.strings;
			sourceTree = "<group>";
		};
/* End PBXVariantGroup section */

/* Begin XCBuildConfiguration section */
		B8AE557115FC019C002D97CB /* Debug */ = {
			isa = XCBuildConfiguration;
			buildSettings = {
				ALWAYS_SEARCH_USER_PATHS = NO;
				ARCHS = "$(ARCHS_STANDARD_32_BIT)";
				CLANG_ENABLE_OBJC_ARC = NO;
				"CODE_SIGN_IDENTITY[sdk=iphoneos*]" = "iPhone Developer";
				COPY_PHASE_STRIP = NO;
				GCC_C_LANGUAGE_STANDARD = gnu99;
				GCC_DYNAMIC_NO_PIC = NO;
				GCC_OPTIMIZATION_LEVEL = 0;
				GCC_PREPROCESSOR_DEFINITIONS = (
					"DEBUG=1",
					"$(inherited)",
				);
				GCC_SYMBOLS_PRIVATE_EXTERN = NO;
				GCC_VERSION = com.apple.compilers.llvm.clang.1_0;
				GCC_WARN_ABOUT_RETURN_TYPE = YES;
				GCC_WARN_UNINITIALIZED_AUTOS = YES;
				GCC_WARN_UNUSED_VARIABLE = YES;
				IPHONEOS_DEPLOYMENT_TARGET = 5.1;
				SDKROOT = iphoneos;
				TARGETED_DEVICE_FAMILY = "1,2";
			};
			name = Debug;
		};
		B8AE557215FC019C002D97CB /* Release */ = {
			isa = XCBuildConfiguration;
			buildSettings = {
				ALWAYS_SEARCH_USER_PATHS = NO;
				ARCHS = "$(ARCHS_STANDARD_32_BIT)";
				CLANG_ENABLE_OBJC_ARC = NO;
				"CODE_SIGN_IDENTITY[sdk=iphoneos*]" = "iPhone Developer";
				COPY_PHASE_STRIP = YES;
				GCC_C_LANGUAGE_STANDARD = gnu99;
				GCC_VERSION = com.apple.compilers.llvm.clang.1_0;
				GCC_WARN_ABOUT_RETURN_TYPE = YES;
				GCC_WARN_UNINITIALIZED_AUTOS = YES;
				GCC_WARN_UNUSED_VARIABLE = YES;
				IPHONEOS_DEPLOYMENT_TARGET = 5.1;
				OTHER_CFLAGS = "-DNS_BLOCK_ASSERTIONS=1";
				SDKROOT = iphoneos;
				TARGETED_DEVICE_FAMILY = "1,2";
				VALIDATE_PRODUCT = YES;
			};
			name = Release;
		};
		B8AE557415FC019C002D97CB /* Debug */ = {
			isa = XCBuildConfiguration;
			buildSettings = {
				GCC_PRECOMPILE_PREFIX_HEADER = YES;
				GCC_PREFIX_HEADER = "StepSynth/StepSynth-Prefix.pch";
				INFOPLIST_FILE = "StepSynth/StepSynth-Info.plist";
				PRODUCT_NAME = "$(TARGET_NAME)";
				WRAPPER_EXTENSION = app;
			};
			name = Debug;
		};
		B8AE557515FC019C002D97CB /* Release */ = {
			isa = XCBuildConfiguration;
			buildSettings = {
				GCC_PRECOMPILE_PREFIX_HEADER = YES;
				GCC_PREFIX_HEADER = "StepSynth/StepSynth-Prefix.pch";
				INFOPLIST_FILE = "StepSynth/StepSynth-Info.plist";
				PRODUCT_NAME = "$(TARGET_NAME)";
				WRAPPER_EXTENSION = app;
			};
			name = Release;
		};
		B8AE557715FC019C002D97CB /* Debug */ = {
			isa = XCBuildConfiguration;
			buildSettings = {
				BUNDLE_LOADER = "$(BUILT_PRODUCTS_DIR)/StepSynth.app/StepSynth";
				FRAMEWORK_SEARCH_PATHS = (
					"$(SDKROOT)/Developer/Library/Frameworks",
					"$(DEVELOPER_LIBRARY_DIR)/Frameworks",
				);
				GCC_PRECOMPILE_PREFIX_HEADER = YES;
				GCC_PREFIX_HEADER = "StepSynth/StepSynth-Prefix.pch";
				INFOPLIST_FILE = "StepSynthTests/StepSynthTests-Info.plist";
				PRODUCT_NAME = "$(TARGET_NAME)";
				TEST_HOST = "$(BUNDLE_LOADER)";
				WRAPPER_EXTENSION = octest;
			};
			name = Debug;
		};
		B8AE557815FC019C002D97CB /* Release */ = {
			isa = XCBuildConfiguration;
			buildSettings = {
				BUNDLE_LOADER = "$(BUILT_PRODUCTS_DIR)/StepSynth.app/StepSynth";
				FRAMEWORK_SEARCH_PATHS = (
					"$(SDKROOT)/Developer/Library/Frameworks",
					"$(DEVELOPER_LIBRARY_DIR)/Frameworks",
				);
				GCC_PRECOMPILE_PREFIX_HEADER = YES;
				GCC_PREFIX_HEADER = "StepSynth/StepSynth-Prefix.pch";
				INFOPLIST_FILE = "StepSynthTests/StepSynthTests-Info.plist";
				PRODUCT_NAME = "$(TARGET_NAME)";
				TEST_HOST = "$(BUNDLE_LOADER)";
				WRAPPER_EXTENSION = octest;
			};
			name = Release;
		};
/* End XCBuildConfiguration section */

/* Begin XCConfigurationList section */
		B8AE553715FC019B002D97CB /* Build configuration list for PBXProject "StepSynth" */ = {
			isa = XCConfigurationList;
			buildConfigurations = (
				B8AE557115FC019C002D97CB /* Debug */,
				B8AE557215FC019C002D97CB /* Release */,
			);
			defaultConfigurationIsVisible = 0;
			defaultConfigurationName = Release;
		};
		B8AE557315FC019C002D97CB /* Build configuration list for PBXNativeTarget "StepSynth" */ = {
			isa = XCConfigurationList;
			buildConfigurations = (
				B8AE557415FC019C002D97CB /* Debug */,
				B8AE557515FC019C002D97CB /* Release */,
			);
			defaultConfigurationIsVisible = 0;
			defaultConfigurationName = Release;
		};
		B8AE557615FC019C002D97CB /* Build configuration list for PBXNativeTarget "StepSynthTests" */ = {
			isa = XCConfigurationList;
			buildConfigurations = (
				B8AE557715FC019C002D97CB /* Debug */,
				B8AE557815FC019C002D97CB /* Release */,
			);
			defaultConfigurationIsVisible = 0;
			defaultConfigurationName = Release;
		};
/* End XCConfigurationList section */
	};
	rootObject = B8AE553415FC019B002D97CB /* Project object */;
}
